
Microsoft Visual Studio Solution File, Format Version 12.00
# Visual Studio Version 16
VisualStudioVersion = 16.0.30225.117
MinimumVisualStudioVersion = 10.0.40219.1
Project("{FAE04EC0-301F-11D3-BF4B-00C04F79EFBC}") = "WebAPIWithDependencyInjection", "WebAPIWithDependencyInjection\WebAPIWithDependencyInjection.csproj", "{EFF32377-4FD5-45F9-9A37-EFB8A22600EC}"
EndProject
Global
	GlobalSection(SolutionConfigurationPlatforms) = preSolution
		Debug|Any CPU = Debug|Any CPU
		Release|Any CPU = Release|Any CPU
	EndGlobalSection
	GlobalSection(ProjectConfigurationPlatforms) = postSolution
		{EFF32377-4FD5-45F9-9A37-EFB8A22600EC}.Debug|Any CPU.ActiveCfg = Debug|Any CPU
		{EFF32377-4FD5-45F9-9A37-EFB8A22600EC}.Debug|Any CPU.Build.0 = Debug|Any CPU
		{EFF32377-4FD5-45F9-9A37-EFB8A22600EC}.Release|Any CPU.ActiveCfg = Release|Any CPU
		{EFF32377-4FD5-45F9-9A37-EFB8A22600EC}.Release|Any CPU.Build.0 = Release|Any CPU
	EndGlobalSection
	GlobalSection(SolutionProperties) = preSolution
		HideSolutionNode = FALSE
	EndGlobalSection
	GlobalSection(ExtensibilityGlobals) = postSolution
		SolutionGuid = {A1CE1AD3-C729-44EB-8478-A56B232690E4}
	EndGlobalSection
EndGlobal
